<?xml version="1.0" encoding="utf-8"?>
<Project ToolsVersion="4.0" xmlns="http://schemas.microsoft.com/developer/msbuild/2003">
  <ItemGroup>
    <Filter Include="Source Files">
      <UniqueIdentifier>{4FC737F1-C7A5-4376-A066-2A32D752A2FF}</UniqueIdentifier>
      <Extensions>cpp;c;cc;cxx;def;odl;idl;hpj;bat;asm;asmx</Extensions>
    </Filter>
    <Filter Include="Header Files">
      <UniqueIdentifier>{93995380-89BD-4b04-88EB-625FBE52EBFB}</UniqueIdentifier>
      <Extensions>h;hpp;hxx;hm;inl;inc;xsd</Extensions>
    </Filter>
  </ItemGroup>
  <ItemGroup>
    <ClCompile Include="source\JadeStd.cpp">
      <Filter>Source Files</Filter>
    </ClCompile>
    <ClCompile Include="source\dllmain.cpp">
      <Filter>Source Files</Filter>
    </ClCompile>
    <ClCompile Include="source\LinkedFile.cpp">
      <Filter>Source Files</Filter>
    </ClCompile>
    <ClCompile Include="source\LinkedFileSystem.cpp">
      <Filter>Source Files</Filter>
    </ClCompile>
    <ClCompile Include="source\Utilities.cpp">
      <Filter>Source Files</Filter>
    </ClCompile>
    <ClCompile Include="source\Jade.cpp">
      <Filter>Source Files</Filter>
    </ClCompile>
    <ClCompile Include="source\FileRef.cpp">
      <Filter>Source Files</Filter>
    </ClCompile>
    <ClCompile Include="source\VirtualFileSystem.cpp">
      <Filter>Source Files</Filter>
    </ClCompile>
    <ClCompile Include="source\VirtualFile.cpp">
      <Filter>Source Files</Filter>
    </ClCompile>
  </ItemGroup>
  <ItemGroup>
    <ClInclude Include="includes\JadeStd.h">
      <Filter>Header Files</Filter>
    </ClInclude>
    <ClInclude Include="includes\IFileSystem.h">
      <Filter>Header Files</Filter>
    </ClInclude>
    <ClInclude Include="includes\Jade.h">
      <Filter>Header Files</Filter>
    </ClInclude>
    <ClInclude Include="includes\IFile.h">
      <Filter>Header Files</Filter>
    </ClInclude>
    <ClInclude Include="includes\LinkedFileSystem.h">
      <Filter>Header Files</Filter>
    </ClInclude>
    <ClInclude Include="includes\LinkedFile.h">
      <Filter>Header Files</Filter>
    </ClInclude>
    <ClInclude Include="includes\Utilities.h">
      <Filter>Header Files</Filter>
    </ClInclude>
    <ClInclude Include="includes\FileRef.h">
      <Filter>Header Files</Filter>
    </ClInclude>
    <ClInclude Include="includes\Exceptions.h">
      <Filter>Header Files</Filter>
    </ClInclude>
    <ClInclude Include="includes\VirtualFileSystem.h">
      <Filter>Header Files</Filter>
    </ClInclude>
    <ClInclude Include="includes\VirtualFile.h">
      <Filter>Header Files</Filter>
    </ClInclude>
    <ClInclude Include="includes\VirtualHashTable.h">
      <Filter>Header Files</Filter>
    </ClInclude>
    <ClInclude Include="includes\VirtualBlockTable.h">
      <Filter>Header Files</Filter>
    </ClInclude>
  </ItemGroup>
</Project>