
Microsoft Visual Studio Solution File, Format Version 12.00
# Visual Studio 2012
Project("{8BC9CEB8-8B4A-11D0-8D11-00A0C91BC942}") = "Rock", "Rock\Rock.vcxproj", "{6BC15FBF-C62C-4FFE-AA6E-9784E28D142D}"
EndProject
Project("{8BC9CEB8-8B4A-11D0-8D11-00A0C91BC942}") = "Chalk", "Chalk\Chalk.vcxproj", "{407FB661-DAFB-4CB9-A62A-9CD473B5F29A}"
	ProjectSection(ProjectDependencies) = postProject
		{6BC15FBF-C62C-4FFE-AA6E-9784E28D142D} = {6BC15FBF-C62C-4FFE-AA6E-9784E28D142D}
	EndProjectSection
EndProject
Project("{8BC9CEB8-8B4A-11D0-8D11-00A0C91BC942}") = "Chalk_D3d9", "Chalk_d3d9\Chalk_d3d9.vcxproj", "{EDA55B57-CDEC-4528-A6B7-E064B6B3A1F8}"
	ProjectSection(ProjectDependencies) = postProject
		{407FB661-DAFB-4CB9-A62A-9CD473B5F29A} = {407FB661-DAFB-4CB9-A62A-9CD473B5F29A}
		{6BC15FBF-C62C-4FFE-AA6E-9784E28D142D} = {6BC15FBF-C62C-4FFE-AA6E-9784E28D142D}
	EndProjectSection
EndProject
Project("{8BC9CEB8-8B4A-11D0-8D11-00A0C91BC942}") = "Diamond", "Diamond\Diamond.vcxproj", "{1562E705-4103-47F2-A539-5E75886EC0C6}"
	ProjectSection(ProjectDependencies) = postProject
		{EDA55B57-CDEC-4528-A6B7-E064B6B3A1F8} = {EDA55B57-CDEC-4528-A6B7-E064B6B3A1F8}
		{407FB661-DAFB-4CB9-A62A-9CD473B5F29A} = {407FB661-DAFB-4CB9-A62A-9CD473B5F29A}
		{6BC15FBF-C62C-4FFE-AA6E-9784E28D142D} = {6BC15FBF-C62C-4FFE-AA6E-9784E28D142D}
	EndProjectSection
EndProject
Project("{8BC9CEB8-8B4A-11D0-8D11-00A0C91BC942}") = "WoodLib", "Wood\Wood.vcxproj", "{B790873D-D884-416C-BB1D-0FBCC5B45B98}"
	ProjectSection(ProjectDependencies) = postProject
		{0434B766-5EB1-4FD6-A361-083B070617CE} = {0434B766-5EB1-4FD6-A361-083B070617CE}
		{6CA846A0-0F4A-4676-862B-E11A210606AB} = {6CA846A0-0F4A-4676-862B-E11A210606AB}
	EndProjectSection
EndProject
Project("{8BC9CEB8-8B4A-11D0-8D11-00A0C91BC942}") = "Wood_WindowsLib", "Wood_Windows\Wood_Windows.vcxproj", "{2D138A4C-9191-42A3-8CB3-C751513E6F3C}"
	ProjectSection(ProjectDependencies) = postProject
		{B790873D-D884-416C-BB1D-0FBCC5B45B98} = {B790873D-D884-416C-BB1D-0FBCC5B45B98}
		{0434B766-5EB1-4FD6-A361-083B070617CE} = {0434B766-5EB1-4FD6-A361-083B070617CE}
		{6CA846A0-0F4A-4676-862B-E11A210606AB} = {6CA846A0-0F4A-4676-862B-E11A210606AB}
	EndProjectSection
EndProject
Project("{8BC9CEB8-8B4A-11D0-8D11-00A0C91BC942}") = "Resources", "Resources\Resources.vcxproj", "{74C2F6E8-6FBC-4481-B57B-46C79F5628E2}"
EndProject
Project("{8BC9CEB8-8B4A-11D0-8D11-00A0C91BC942}") = "Launcher", "Launcher\Launcher.vcxproj", "{FEE937BA-07E2-46D2-9FE8-7AE05E7C6D79}"
	ProjectSection(ProjectDependencies) = postProject
		{B790873D-D884-416C-BB1D-0FBCC5B45B98} = {B790873D-D884-416C-BB1D-0FBCC5B45B98}
		{2D138A4C-9191-42A3-8CB3-C751513E6F3C} = {2D138A4C-9191-42A3-8CB3-C751513E6F3C}
	EndProjectSection
EndProject
Project("{FAE04EC0-301F-11D3-BF4B-00C04F79EFBC}") = "CatenaEd", "CatenaEd\CatenaEd.csproj", "{B6964636-1DE9-4CB3-8162-A34CBAB3D0DE}"
EndProject
Project("{2150E333-8FDC-42A3-9474-1A3956D46DE8}") = "Libraries", "Libraries", "{2D7B6E8F-C483-4461-B1E5-BF8C93AF98F5}"
EndProject
Project("{2150E333-8FDC-42A3-9474-1A3956D46DE8}") = "Launchers", "Launchers", "{D822B6C5-2F2B-4C26-8DFF-604D4953C114}"
EndProject
Project("{2150E333-8FDC-42A3-9474-1A3956D46DE8}") = "Graphics", "Graphics", "{E0FA6AB6-3415-4196-A8BF-1C3D97FE2BC2}"
EndProject
Project("{2150E333-8FDC-42A3-9474-1A3956D46DE8}") = "System", "System", "{5179EABF-60F9-4C4A-8231-1A8801FA1249}"
EndProject
Project("{2150E333-8FDC-42A3-9474-1A3956D46DE8}") = "Tools", "Tools", "{9DE9DF7B-F7BB-4DC8-BA70-16C1D17AD32E}"
EndProject
Project("{2150E333-8FDC-42A3-9474-1A3956D46DE8}") = "Base", "Base", "{5AED37B5-6D95-4BA4-B578-967CBE815CB5}"
EndProject
Project("{8BC9CEB8-8B4A-11D0-8D11-00A0C91BC942}") = "RockLib", "Rock\RockLib.vcxproj", "{6CA846A0-0F4A-4676-862B-E11A210606AB}"
EndProject
Project("{FAE04EC0-301F-11D3-BF4B-00C04F79EFBC}") = "RockCSharp", "Rock\RockCSharp.csproj", "{62A88991-7D89-4F1F-A7D5-F79432541D65}"
	ProjectSection(ProjectDependencies) = postProject
		{6BC15FBF-C62C-4FFE-AA6E-9784E28D142D} = {6BC15FBF-C62C-4FFE-AA6E-9784E28D142D}
	EndProjectSection
EndProject
Project("{8BC9CEB8-8B4A-11D0-8D11-00A0C91BC942}") = "DiamondLib", "Diamond\DiamondLib.vcxproj", "{0434B766-5EB1-4FD6-A361-083B070617CE}"
	ProjectSection(ProjectDependencies) = postProject
		{EDA55B57-CDEC-4528-A6B7-E064B6B3A1F8} = {EDA55B57-CDEC-4528-A6B7-E064B6B3A1F8}
		{407FB661-DAFB-4CB9-A62A-9CD473B5F29A} = {407FB661-DAFB-4CB9-A62A-9CD473B5F29A}
		{6CA846A0-0F4A-4676-862B-E11A210606AB} = {6CA846A0-0F4A-4676-862B-E11A210606AB}
	EndProjectSection
EndProject
Project("{FAE04EC0-301F-11D3-BF4B-00C04F79EFBC}") = "DiamondCSharp", "Diamond\DiamondCSharp.csproj", "{EACAF707-A2E6-4F3D-8A0B-1695EDF153CD}"
	ProjectSection(ProjectDependencies) = postProject
		{1562E705-4103-47F2-A539-5E75886EC0C6} = {1562E705-4103-47F2-A539-5E75886EC0C6}
	EndProjectSection
EndProject
Global
	GlobalSection(SolutionConfigurationPlatforms) = preSolution
		Debug|Any CPU = Debug|Any CPU
		Debug|Mixed Platforms = Debug|Mixed Platforms
		Debug|Win32 = Debug|Win32
		Release|Any CPU = Release|Any CPU
		Release|Mixed Platforms = Release|Mixed Platforms
		Release|Win32 = Release|Win32
	EndGlobalSection
	GlobalSection(ProjectConfigurationPlatforms) = postSolution
		{6BC15FBF-C62C-4FFE-AA6E-9784E28D142D}.Debug|Any CPU.ActiveCfg = Debug|Win32
		{6BC15FBF-C62C-4FFE-AA6E-9784E28D142D}.Debug|Mixed Platforms.ActiveCfg = Debug|Win32
		{6BC15FBF-C62C-4FFE-AA6E-9784E28D142D}.Debug|Mixed Platforms.Build.0 = Debug|Win32
		{6BC15FBF-C62C-4FFE-AA6E-9784E28D142D}.Debug|Win32.ActiveCfg = Debug|Win32
		{6BC15FBF-C62C-4FFE-AA6E-9784E28D142D}.Debug|Win32.Build.0 = Debug|Win32
		{6BC15FBF-C62C-4FFE-AA6E-9784E28D142D}.Release|Any CPU.ActiveCfg = Release|Win32
		{6BC15FBF-C62C-4FFE-AA6E-9784E28D142D}.Release|Mixed Platforms.ActiveCfg = Release|Win32
		{6BC15FBF-C62C-4FFE-AA6E-9784E28D142D}.Release|Mixed Platforms.Build.0 = Release|Win32
		{6BC15FBF-C62C-4FFE-AA6E-9784E28D142D}.Release|Win32.ActiveCfg = Release|Win32
		{6BC15FBF-C62C-4FFE-AA6E-9784E28D142D}.Release|Win32.Build.0 = Release|Win32
		{407FB661-DAFB-4CB9-A62A-9CD473B5F29A}.Debug|Any CPU.ActiveCfg = Debug|Win32
		{407FB661-DAFB-4CB9-A62A-9CD473B5F29A}.Debug|Mixed Platforms.ActiveCfg = Debug|Win32
		{407FB661-DAFB-4CB9-A62A-9CD473B5F29A}.Debug|Mixed Platforms.Build.0 = Debug|Win32
		{407FB661-DAFB-4CB9-A62A-9CD473B5F29A}.Debug|Win32.ActiveCfg = Debug|Win32
		{407FB661-DAFB-4CB9-A62A-9CD473B5F29A}.Debug|Win32.Build.0 = Debug|Win32
		{407FB661-DAFB-4CB9-A62A-9CD473B5F29A}.Release|Any CPU.ActiveCfg = Release|Win32
		{407FB661-DAFB-4CB9-A62A-9CD473B5F29A}.Release|Mixed Platforms.ActiveCfg = Release|Win32
		{407FB661-DAFB-4CB9-A62A-9CD473B5F29A}.Release|Mixed Platforms.Build.0 = Release|Win32
		{407FB661-DAFB-4CB9-A62A-9CD473B5F29A}.Release|Win32.ActiveCfg = Release|Win32
		{407FB661-DAFB-4CB9-A62A-9CD473B5F29A}.Release|Win32.Build.0 = Release|Win32
		{EDA55B57-CDEC-4528-A6B7-E064B6B3A1F8}.Debug|Any CPU.ActiveCfg = Debug|Win32
		{EDA55B57-CDEC-4528-A6B7-E064B6B3A1F8}.Debug|Mixed Platforms.ActiveCfg = Debug|Win32
		{EDA55B57-CDEC-4528-A6B7-E064B6B3A1F8}.Debug|Mixed Platforms.Build.0 = Debug|Win32
		{EDA55B57-CDEC-4528-A6B7-E064B6B3A1F8}.Debug|Win32.ActiveCfg = Debug|Win32
		{EDA55B57-CDEC-4528-A6B7-E064B6B3A1F8}.Debug|Win32.Build.0 = Debug|Win32
		{EDA55B57-CDEC-4528-A6B7-E064B6B3A1F8}.Release|Any CPU.ActiveCfg = Release|Win32
		{EDA55B57-CDEC-4528-A6B7-E064B6B3A1F8}.Release|Mixed Platforms.ActiveCfg = Release|Win32
		{EDA55B57-CDEC-4528-A6B7-E064B6B3A1F8}.Release|Mixed Platforms.Build.0 = Release|Win32
		{EDA55B57-CDEC-4528-A6B7-E064B6B3A1F8}.Release|Win32.ActiveCfg = Release|Win32
		{EDA55B57-CDEC-4528-A6B7-E064B6B3A1F8}.Release|Win32.Build.0 = Release|Win32
		{1562E705-4103-47F2-A539-5E75886EC0C6}.Debug|Any CPU.ActiveCfg = Debug|Win32
		{1562E705-4103-47F2-A539-5E75886EC0C6}.Debug|Mixed Platforms.ActiveCfg = Debug|Win32
		{1562E705-4103-47F2-A539-5E75886EC0C6}.Debug|Mixed Platforms.Build.0 = Debug|Win32
		{1562E705-4103-47F2-A539-5E75886EC0C6}.Debug|Win32.ActiveCfg = Debug|Win32
		{1562E705-4103-47F2-A539-5E75886EC0C6}.Debug|Win32.Build.0 = Debug|Win32
		{1562E705-4103-47F2-A539-5E75886EC0C6}.Release|Any CPU.ActiveCfg = Release|Win32
		{1562E705-4103-47F2-A539-5E75886EC0C6}.Release|Mixed Platforms.ActiveCfg = Release|Win32
		{1562E705-4103-47F2-A539-5E75886EC0C6}.Release|Mixed Platforms.Build.0 = Release|Win32
		{1562E705-4103-47F2-A539-5E75886EC0C6}.Release|Win32.ActiveCfg = Release|Win32
		{1562E705-4103-47F2-A539-5E75886EC0C6}.Release|Win32.Build.0 = Release|Win32
		{B790873D-D884-416C-BB1D-0FBCC5B45B98}.Debug|Any CPU.ActiveCfg = Debug|Win32
		{B790873D-D884-416C-BB1D-0FBCC5B45B98}.Debug|Mixed Platforms.ActiveCfg = Debug|Win32
		{B790873D-D884-416C-BB1D-0FBCC5B45B98}.Debug|Mixed Platforms.Build.0 = Debug|Win32
		{B790873D-D884-416C-BB1D-0FBCC5B45B98}.Debug|Win32.ActiveCfg = Debug|Win32
		{B790873D-D884-416C-BB1D-0FBCC5B45B98}.Debug|Win32.Build.0 = Debug|Win32
		{B790873D-D884-416C-BB1D-0FBCC5B45B98}.Release|Any CPU.ActiveCfg = Release|Win32
		{B790873D-D884-416C-BB1D-0FBCC5B45B98}.Release|Mixed Platforms.ActiveCfg = Release|Win32
		{B790873D-D884-416C-BB1D-0FBCC5B45B98}.Release|Mixed Platforms.Build.0 = Release|Win32
		{B790873D-D884-416C-BB1D-0FBCC5B45B98}.Release|Win32.ActiveCfg = Release|Win32
		{B790873D-D884-416C-BB1D-0FBCC5B45B98}.Release|Win32.Build.0 = Release|Win32
		{2D138A4C-9191-42A3-8CB3-C751513E6F3C}.Debug|Any CPU.ActiveCfg = Debug|Win32
		{2D138A4C-9191-42A3-8CB3-C751513E6F3C}.Debug|Mixed Platforms.ActiveCfg = Debug|Win32
		{2D138A4C-9191-42A3-8CB3-C751513E6F3C}.Debug|Mixed Platforms.Build.0 = Debug|Win32
		{2D138A4C-9191-42A3-8CB3-C751513E6F3C}.Debug|Win32.ActiveCfg = Debug|Win32
		{2D138A4C-9191-42A3-8CB3-C751513E6F3C}.Debug|Win32.Build.0 = Debug|Win32
		{2D138A4C-9191-42A3-8CB3-C751513E6F3C}.Release|Any CPU.ActiveCfg = Release|Win32
		{2D138A4C-9191-42A3-8CB3-C751513E6F3C}.Release|Mixed Platforms.ActiveCfg = Release|Win32
		{2D138A4C-9191-42A3-8CB3-C751513E6F3C}.Release|Mixed Platforms.Build.0 = Release|Win32
		{2D138A4C-9191-42A3-8CB3-C751513E6F3C}.Release|Win32.ActiveCfg = Release|Win32
		{2D138A4C-9191-42A3-8CB3-C751513E6F3C}.Release|Win32.Build.0 = Release|Win32
		{74C2F6E8-6FBC-4481-B57B-46C79F5628E2}.Debug|Any CPU.ActiveCfg = Debug|Win32
		{74C2F6E8-6FBC-4481-B57B-46C79F5628E2}.Debug|Mixed Platforms.ActiveCfg = Debug|Win32
		{74C2F6E8-6FBC-4481-B57B-46C79F5628E2}.Debug|Mixed Platforms.Build.0 = Debug|Win32
		{74C2F6E8-6FBC-4481-B57B-46C79F5628E2}.Debug|Win32.ActiveCfg = Debug|Win32
		{74C2F6E8-6FBC-4481-B57B-46C79F5628E2}.Debug|Win32.Build.0 = Debug|Win32
		{74C2F6E8-6FBC-4481-B57B-46C79F5628E2}.Release|Any CPU.ActiveCfg = Release|Win32
		{74C2F6E8-6FBC-4481-B57B-46C79F5628E2}.Release|Mixed Platforms.ActiveCfg = Release|Win32
		{74C2F6E8-6FBC-4481-B57B-46C79F5628E2}.Release|Mixed Platforms.Build.0 = Release|Win32
		{74C2F6E8-6FBC-4481-B57B-46C79F5628E2}.Release|Win32.ActiveCfg = Release|Win32
		{74C2F6E8-6FBC-4481-B57B-46C79F5628E2}.Release|Win32.Build.0 = Release|Win32
		{FEE937BA-07E2-46D2-9FE8-7AE05E7C6D79}.Debug|Any CPU.ActiveCfg = Debug|Win32
		{FEE937BA-07E2-46D2-9FE8-7AE05E7C6D79}.Debug|Mixed Platforms.ActiveCfg = Debug|Win32
		{FEE937BA-07E2-46D2-9FE8-7AE05E7C6D79}.Debug|Mixed Platforms.Build.0 = Debug|Win32
		{FEE937BA-07E2-46D2-9FE8-7AE05E7C6D79}.Debug|Win32.ActiveCfg = Debug|Win32
		{FEE937BA-07E2-46D2-9FE8-7AE05E7C6D79}.Debug|Win32.Build.0 = Debug|Win32
		{FEE937BA-07E2-46D2-9FE8-7AE05E7C6D79}.Release|Any CPU.ActiveCfg = Release|Win32
		{FEE937BA-07E2-46D2-9FE8-7AE05E7C6D79}.Release|Mixed Platforms.ActiveCfg = Release|Win32
		{FEE937BA-07E2-46D2-9FE8-7AE05E7C6D79}.Release|Mixed Platforms.Build.0 = Release|Win32
		{FEE937BA-07E2-46D2-9FE8-7AE05E7C6D79}.Release|Win32.ActiveCfg = Release|Win32
		{FEE937BA-07E2-46D2-9FE8-7AE05E7C6D79}.Release|Win32.Build.0 = Release|Win32
		{B6964636-1DE9-4CB3-8162-A34CBAB3D0DE}.Debug|Any CPU.ActiveCfg = Debug|Any CPU
		{B6964636-1DE9-4CB3-8162-A34CBAB3D0DE}.Debug|Any CPU.Build.0 = Debug|Any CPU
		{B6964636-1DE9-4CB3-8162-A34CBAB3D0DE}.Debug|Mixed Platforms.ActiveCfg = Debug|Any CPU
		{B6964636-1DE9-4CB3-8162-A34CBAB3D0DE}.Debug|Mixed Platforms.Build.0 = Debug|Any CPU
		{B6964636-1DE9-4CB3-8162-A34CBAB3D0DE}.Debug|Win32.ActiveCfg = Debug|Any CPU
		{B6964636-1DE9-4CB3-8162-A34CBAB3D0DE}.Release|Any CPU.ActiveCfg = Release|Any CPU
		{B6964636-1DE9-4CB3-8162-A34CBAB3D0DE}.Release|Any CPU.Build.0 = Release|Any CPU
		{B6964636-1DE9-4CB3-8162-A34CBAB3D0DE}.Release|Mixed Platforms.ActiveCfg = Release|Any CPU
		{B6964636-1DE9-4CB3-8162-A34CBAB3D0DE}.Release|Mixed Platforms.Build.0 = Release|Any CPU
		{B6964636-1DE9-4CB3-8162-A34CBAB3D0DE}.Release|Win32.ActiveCfg = Release|Any CPU
		{6CA846A0-0F4A-4676-862B-E11A210606AB}.Debug|Any CPU.ActiveCfg = Debug|Win32
		{6CA846A0-0F4A-4676-862B-E11A210606AB}.Debug|Mixed Platforms.ActiveCfg = Debug|Win32
		{6CA846A0-0F4A-4676-862B-E11A210606AB}.Debug|Mixed Platforms.Build.0 = Debug|Win32
		{6CA846A0-0F4A-4676-862B-E11A210606AB}.Debug|Win32.ActiveCfg = Debug|Win32
		{6CA846A0-0F4A-4676-862B-E11A210606AB}.Debug|Win32.Build.0 = Debug|Win32
		{6CA846A0-0F4A-4676-862B-E11A210606AB}.Release|Any CPU.ActiveCfg = Release|Win32
		{6CA846A0-0F4A-4676-862B-E11A210606AB}.Release|Mixed Platforms.ActiveCfg = Release|Win32
		{6CA846A0-0F4A-4676-862B-E11A210606AB}.Release|Mixed Platforms.Build.0 = Release|Win32
		{6CA846A0-0F4A-4676-862B-E11A210606AB}.Release|Win32.ActiveCfg = Release|Win32
		{6CA846A0-0F4A-4676-862B-E11A210606AB}.Release|Win32.Build.0 = Release|Win32
		{62A88991-7D89-4F1F-A7D5-F79432541D65}.Debug|Any CPU.ActiveCfg = Debug|Any CPU
		{62A88991-7D89-4F1F-A7D5-F79432541D65}.Debug|Any CPU.Build.0 = Debug|Any CPU
		{62A88991-7D89-4F1F-A7D5-F79432541D65}.Debug|Mixed Platforms.ActiveCfg = Debug|Any CPU
		{62A88991-7D89-4F1F-A7D5-F79432541D65}.Debug|Mixed Platforms.Build.0 = Debug|Any CPU
		{62A88991-7D89-4F1F-A7D5-F79432541D65}.Debug|Win32.ActiveCfg = Debug|Any CPU
		{62A88991-7D89-4F1F-A7D5-F79432541D65}.Release|Any CPU.ActiveCfg = Release|Any CPU
		{62A88991-7D89-4F1F-A7D5-F79432541D65}.Release|Any CPU.Build.0 = Release|Any CPU
		{62A88991-7D89-4F1F-A7D5-F79432541D65}.Release|Mixed Platforms.ActiveCfg = Release|Any CPU
		{62A88991-7D89-4F1F-A7D5-F79432541D65}.Release|Mixed Platforms.Build.0 = Release|Any CPU
		{62A88991-7D89-4F1F-A7D5-F79432541D65}.Release|Win32.ActiveCfg = Release|Any CPU
		{0434B766-5EB1-4FD6-A361-083B070617CE}.Debug|Any CPU.ActiveCfg = Debug|Win32
		{0434B766-5EB1-4FD6-A361-083B070617CE}.Debug|Mixed Platforms.ActiveCfg = Debug|Win32
		{0434B766-5EB1-4FD6-A361-083B070617CE}.Debug|Mixed Platforms.Build.0 = Debug|Win32
		{0434B766-5EB1-4FD6-A361-083B070617CE}.Debug|Win32.ActiveCfg = Debug|Win32
		{0434B766-5EB1-4FD6-A361-083B070617CE}.Debug|Win32.Build.0 = Debug|Win32
		{0434B766-5EB1-4FD6-A361-083B070617CE}.Release|Any CPU.ActiveCfg = Release|Win32
		{0434B766-5EB1-4FD6-A361-083B070617CE}.Release|Mixed Platforms.ActiveCfg = Release|Win32
		{0434B766-5EB1-4FD6-A361-083B070617CE}.Release|Mixed Platforms.Build.0 = Release|Win32
		{0434B766-5EB1-4FD6-A361-083B070617CE}.Release|Win32.ActiveCfg = Release|Win32
		{0434B766-5EB1-4FD6-A361-083B070617CE}.Release|Win32.Build.0 = Release|Win32
		{EACAF707-A2E6-4F3D-8A0B-1695EDF153CD}.Debug|Any CPU.ActiveCfg = Debug|Any CPU
		{EACAF707-A2E6-4F3D-8A0B-1695EDF153CD}.Debug|Any CPU.Build.0 = Debug|Any CPU
		{EACAF707-A2E6-4F3D-8A0B-1695EDF153CD}.Debug|Mixed Platforms.ActiveCfg = Debug|Any CPU
		{EACAF707-A2E6-4F3D-8A0B-1695EDF153CD}.Debug|Mixed Platforms.Build.0 = Debug|Any CPU
		{EACAF707-A2E6-4F3D-8A0B-1695EDF153CD}.Debug|Win32.ActiveCfg = Debug|Any CPU
		{EACAF707-A2E6-4F3D-8A0B-1695EDF153CD}.Release|Any CPU.ActiveCfg = Release|Any CPU
		{EACAF707-A2E6-4F3D-8A0B-1695EDF153CD}.Release|Any CPU.Build.0 = Release|Any CPU
		{EACAF707-A2E6-4F3D-8A0B-1695EDF153CD}.Release|Mixed Platforms.ActiveCfg = Release|Any CPU
		{EACAF707-A2E6-4F3D-8A0B-1695EDF153CD}.Release|Mixed Platforms.Build.0 = Release|Any CPU
		{EACAF707-A2E6-4F3D-8A0B-1695EDF153CD}.Release|Win32.ActiveCfg = Release|Any CPU
	EndGlobalSection
	GlobalSection(SolutionProperties) = preSolution
		HideSolutionNode = FALSE
	EndGlobalSection
	GlobalSection(NestedProjects) = preSolution
		{E0FA6AB6-3415-4196-A8BF-1C3D97FE2BC2} = {2D7B6E8F-C483-4461-B1E5-BF8C93AF98F5}
		{5AED37B5-6D95-4BA4-B578-967CBE815CB5} = {2D7B6E8F-C483-4461-B1E5-BF8C93AF98F5}
		{5179EABF-60F9-4C4A-8231-1A8801FA1249} = {2D7B6E8F-C483-4461-B1E5-BF8C93AF98F5}
		{EDA55B57-CDEC-4528-A6B7-E064B6B3A1F8} = {E0FA6AB6-3415-4196-A8BF-1C3D97FE2BC2}
		{407FB661-DAFB-4CB9-A62A-9CD473B5F29A} = {E0FA6AB6-3415-4196-A8BF-1C3D97FE2BC2}
		{6BC15FBF-C62C-4FFE-AA6E-9784E28D142D} = {5AED37B5-6D95-4BA4-B578-967CBE815CB5}
		{1562E705-4103-47F2-A539-5E75886EC0C6} = {5AED37B5-6D95-4BA4-B578-967CBE815CB5}
		{6CA846A0-0F4A-4676-862B-E11A210606AB} = {5AED37B5-6D95-4BA4-B578-967CBE815CB5}
		{62A88991-7D89-4F1F-A7D5-F79432541D65} = {5AED37B5-6D95-4BA4-B578-967CBE815CB5}
		{0434B766-5EB1-4FD6-A361-083B070617CE} = {5AED37B5-6D95-4BA4-B578-967CBE815CB5}
		{EACAF707-A2E6-4F3D-8A0B-1695EDF153CD} = {5AED37B5-6D95-4BA4-B578-967CBE815CB5}
		{2D138A4C-9191-42A3-8CB3-C751513E6F3C} = {5179EABF-60F9-4C4A-8231-1A8801FA1249}
		{B790873D-D884-416C-BB1D-0FBCC5B45B98} = {5179EABF-60F9-4C4A-8231-1A8801FA1249}
		{FEE937BA-07E2-46D2-9FE8-7AE05E7C6D79} = {D822B6C5-2F2B-4C26-8DFF-604D4953C114}
		{B6964636-1DE9-4CB3-8162-A34CBAB3D0DE} = {9DE9DF7B-F7BB-4DC8-BA70-16C1D17AD32E}
	EndGlobalSection
EndGlobal
