<?xml version="1.0" encoding="utf-8"?>
<Project ToolsVersion="4.0" xmlns="http://schemas.microsoft.com/developer/msbuild/2003">
  <ItemGroup>
    <ClCompile Include="src\Delegate.cpp">
      <Filter>Source Files</Filter>
    </ClCompile>
    <ClCompile Include="src\Exception.cpp">
      <Filter>Source Files</Filter>
    </ClCompile>
    <ClCompile Include="src\Matrix4x4.cpp">
      <Filter>Source Files</Filter>
    </ClCompile>
    <ClCompile Include="src\Std.cpp">
      <Filter>Source Files</Filter>
    </ClCompile>
    <ClCompile Include="src\String.cpp">
      <Filter>Source Files</Filter>
    </ClCompile>
    <ClCompile Include="src\Vector3.cpp">
      <Filter>Source Files</Filter>
    </ClCompile>
    <ClCompile Include="src\Vector4.cpp">
      <Filter>Source Files</Filter>
    </ClCompile>
  </ItemGroup>
  <ItemGroup>
    <ClInclude Include="inc\Rock.h">
      <Filter>Header Files</Filter>
    </ClInclude>
    <ClInclude Include="inc\Rock_Assert.h">
      <Filter>Header Files</Filter>
    </ClInclude>
    <ClInclude Include="inc\Rock_ColorB.h">
      <Filter>Header Files</Filter>
    </ClInclude>
    <ClInclude Include="inc\Rock_ColorBA.h">
      <Filter>Header Files</Filter>
    </ClInclude>
    <ClInclude Include="inc\Rock_ColorRGB.h">
      <Filter>Header Files</Filter>
    </ClInclude>
    <ClInclude Include="inc\Rock_ColorRGBA.h">
      <Filter>Header Files</Filter>
    </ClInclude>
    <ClInclude Include="inc\Rock_Defines.h">
      <Filter>Header Files</Filter>
    </ClInclude>
    <ClInclude Include="inc\Rock_Delegate.h">
      <Filter>Header Files</Filter>
    </ClInclude>
    <ClInclude Include="inc\Rock_Exception.h">
      <Filter>Header Files</Filter>
    </ClInclude>
    <ClInclude Include="inc\Rock_Log.h">
      <Filter>Header Files</Filter>
    </ClInclude>
    <ClInclude Include="inc\Rock_Matrix4x4.h">
      <Filter>Header Files</Filter>
    </ClInclude>
    <ClInclude Include="inc\Rock_Quaternion.h">
      <Filter>Header Files</Filter>
    </ClInclude>
    <ClInclude Include="inc\Rock_Std.h">
      <Filter>Header Files</Filter>
    </ClInclude>
    <ClInclude Include="inc\Rock_String.h">
      <Filter>Header Files</Filter>
    </ClInclude>
    <ClInclude Include="inc\Rock_Types.h">
      <Filter>Header Files</Filter>
    </ClInclude>
    <ClInclude Include="inc\Rock_Vector2.h">
      <Filter>Header Files</Filter>
    </ClInclude>
    <ClInclude Include="inc\Rock_Vector3.h">
      <Filter>Header Files</Filter>
    </ClInclude>
    <ClInclude Include="inc\Rock_Vector4.h">
      <Filter>Header Files</Filter>
    </ClInclude>
  </ItemGroup>
  <ItemGroup>
    <None Include="inl\Matrix4x4.inl">
      <Filter>Inline Files</Filter>
    </None>
    <None Include="inl\Vector2.inl">
      <Filter>Inline Files</Filter>
    </None>
    <None Include="inl\Vector3.inl">
      <Filter>Inline Files</Filter>
    </None>
    <None Include="inl\Vector4.inl">
      <Filter>Inline Files</Filter>
    </None>
  </ItemGroup>
  <ItemGroup>
    <Filter Include="Header Files">
      <UniqueIdentifier>{f1df6fb9-215c-47e1-af41-98a88195d0e1}</UniqueIdentifier>
    </Filter>
    <Filter Include="Source Files">
      <UniqueIdentifier>{bbabaa61-c70d-4e16-959a-f10a19cd8307}</UniqueIdentifier>
    </Filter>
    <Filter Include="Inline Files">
      <UniqueIdentifier>{748abe53-b053-45db-93d8-284f1c5d4e5e}</UniqueIdentifier>
    </Filter>
  </ItemGroup>
</Project>