<?xml version="1.0" encoding="utf-8"?>
<Project ToolsVersion="4.0" xmlns="http://schemas.microsoft.com/developer/msbuild/2003">
  <ItemGroup>
    <Filter Include="Source Files">
      <UniqueIdentifier>{4FC737F1-C7A5-4376-A066-2A32D752A2FF}</UniqueIdentifier>
      <Extensions>cpp;c;cc;cxx;def;odl;idl;hpj;bat;asm;asmx</Extensions>
    </Filter>
    <Filter Include="Header Files">
      <UniqueIdentifier>{93995380-89BD-4b04-88EB-625FBE52EBFB}</UniqueIdentifier>
      <Extensions>h;hpp;hxx;hm;inl;inc;xsd</Extensions>
    </Filter>
  </ItemGroup>
  <ItemGroup>
    <ClInclude Include="inc\Rock.h">
      <Filter>Header Files</Filter>
    </ClInclude>
    <ClInclude Include="inc\Rock_ColorB.h">
      <Filter>Header Files</Filter>
    </ClInclude>
    <ClInclude Include="inc\Rock_ColorBA.h">
      <Filter>Header Files</Filter>
    </ClInclude>
    <ClInclude Include="inc\Rock_ColorRGB.h">
      <Filter>Header Files</Filter>
    </ClInclude>
    <ClInclude Include="inc\Rock_ColorRGBA.h">
      <Filter>Header Files</Filter>
    </ClInclude>
    <ClInclude Include="inc\Rock_Defines.h">
      <Filter>Header Files</Filter>
    </ClInclude>
    <ClInclude Include="inc\Rock_Delegate.h">
      <Filter>Header Files</Filter>
    </ClInclude>
    <ClInclude Include="inc\Rock_Exception.h">
      <Filter>Header Files</Filter>
    </ClInclude>
    <ClInclude Include="inc\Rock_Matrix4x4.h">
      <Filter>Header Files</Filter>
    </ClInclude>
    <ClInclude Include="inc\Rock_Quaternion.h">
      <Filter>Header Files</Filter>
    </ClInclude>
    <ClInclude Include="inc\Rock_Std.h">
      <Filter>Header Files</Filter>
    </ClInclude>
    <ClInclude Include="inc\Rock_String.h">
      <Filter>Header Files</Filter>
    </ClInclude>
    <ClInclude Include="inc\Rock_Types.h">
      <Filter>Header Files</Filter>
    </ClInclude>
    <ClInclude Include="inc\Rock_Vector2.h">
      <Filter>Header Files</Filter>
    </ClInclude>
    <ClInclude Include="inc\Rock_Vector3.h">
      <Filter>Header Files</Filter>
    </ClInclude>
    <ClInclude Include="inc\Rock_Vector4.h">
      <Filter>Header Files</Filter>
    </ClInclude>
    <ClInclude Include="inc\Rock_Log.h">
      <Filter>Header Files</Filter>
    </ClInclude>
    <ClInclude Include="inc\Rock_Assert.h">
      <Filter>Header Files</Filter>
    </ClInclude>
  </ItemGroup>
  <ItemGroup>
    <ClCompile Include="src\Delegate.cpp">
      <Filter>Source Files</Filter>
    </ClCompile>
    <ClCompile Include="src\Std.cpp">
      <Filter>Source Files</Filter>
    </ClCompile>
    <ClCompile Include="src\String.cpp">
      <Filter>Source Files</Filter>
    </ClCompile>
    <ClCompile Include="src\Exception.cpp">
      <Filter>Source Files</Filter>
    </ClCompile>
    <ClCompile Include="src\Matrix4x4.cpp">
      <Filter>Source Files</Filter>
    </ClCompile>
  </ItemGroup>
</Project>