<?xml version="1.0" encoding="utf-8"?>
<Project ToolsVersion="4.0" xmlns="http://schemas.microsoft.com/developer/msbuild/2003">
  <ItemGroup>
    <Filter Include="Source Files">
      <UniqueIdentifier>{4FC737F1-C7A5-4376-A066-2A32D752A2FF}</UniqueIdentifier>
      <Extensions>cpp;c;cc;cxx;def;odl;idl;hpj;bat;asm;asmx</Extensions>
    </Filter>
    <Filter Include="Header Files">
      <UniqueIdentifier>{93995380-89BD-4b04-88EB-625FBE52EBFB}</UniqueIdentifier>
      <Extensions>h;hpp;hxx;hm;inl;inc;xsd</Extensions>
    </Filter>
    <Filter Include="Swig Files">
      <UniqueIdentifier>{5d8e1420-6265-4302-b7a0-da08a38fec7a}</UniqueIdentifier>
    </Filter>
  </ItemGroup>
  <ItemGroup>
    <ClInclude Include="inc\Diamond.h">
      <Filter>Header Files</Filter>
    </ClInclude>
    <ClInclude Include="inc\Diamond_Std.h">
      <Filter>Header Files</Filter>
    </ClInclude>
    <ClInclude Include="inc\Diamond_Defines.h">
      <Filter>Header Files</Filter>
    </ClInclude>
    <ClInclude Include="inc\Diamond_Core.h">
      <Filter>Header Files</Filter>
    </ClInclude>
  </ItemGroup>
  <ItemGroup>
    <ClCompile Include="src\Std.cpp">
      <Filter>Source Files</Filter>
    </ClCompile>
    <ClCompile Include="src\Core.cpp">
      <Filter>Source Files</Filter>
    </ClCompile>
    <ClCompile Include="swig\diamond_swig_wrap.cxx">
      <Filter>Swig Files</Filter>
    </ClCompile>
  </ItemGroup>
  <ItemGroup>
    <CustomBuild Include="swig\diamond_swig.i">
      <Filter>Swig Files</Filter>
    </CustomBuild>
  </ItemGroup>
</Project>