<?xml version="1.0" encoding="utf-8"?>
<Project ToolsVersion="4.0" xmlns="http://schemas.microsoft.com/developer/msbuild/2003">
  <ItemGroup>
    <ClCompile Include="src\Core.cpp">
      <Filter>Source Files</Filter>
    </ClCompile>
    <ClCompile Include="src\Std.cpp">
      <Filter>Source Files</Filter>
    </ClCompile>
  </ItemGroup>
  <ItemGroup>
    <ClInclude Include="inc\Diamond.h">
      <Filter>Header Files</Filter>
    </ClInclude>
    <ClInclude Include="inc\Diamond_Core.h">
      <Filter>Header Files</Filter>
    </ClInclude>
    <ClInclude Include="inc\Diamond_Defines.h">
      <Filter>Header Files</Filter>
    </ClInclude>
    <ClInclude Include="inc\Diamond_Std.h">
      <Filter>Header Files</Filter>
    </ClInclude>
  </ItemGroup>
  <ItemGroup>
    <Filter Include="Header Files">
      <UniqueIdentifier>{165b3f19-050b-49e8-8172-bd367dadc47e}</UniqueIdentifier>
    </Filter>
    <Filter Include="Source Files">
      <UniqueIdentifier>{7e6c0792-dfd5-453d-a694-71149a731c1f}</UniqueIdentifier>
    </Filter>
  </ItemGroup>
</Project>